
Microsoft Visual Studio Solution File, Format Version 12.00
# Visual Studio Version 17
VisualStudioVersion = 17.6.33801.468
MinimumVisualStudioVersion = 10.0.40219.1
Project("{FAE04EC0-301F-11D3-BF4B-00C04F79EFBC}") = "WatiTest", "WatiTest\WatiTest.csproj", "{2F97D77B-5388-46C7-BA17-3E3D756BBC5D}"
EndProject
Project("{FAE04EC0-301F-11D3-BF4B-00C04F79EFBC}") = "WatiMinApi", "WatiMinApi\WatiMinApi.csproj", "{4070DE00-E7DB-40AA-B096-3764B5023EC0}"
EndProject
Project("{FAE04EC0-301F-11D3-BF4B-00C04F79EFBC}") = "MinTest", "MinTest\MinTest.csproj", "{EB0AB4D0-CA9E-4C5C-83B1-04E0BD5EE703}"
EndProject
Project("{FAE04EC0-301F-11D3-BF4B-00C04F79EFBC}") = "Sum", "Sum\Sum.csproj", "{69929D84-D4AD-482D-9B5F-4051AF277A71}"
EndProject
Global
	GlobalSection(SolutionConfigurationPlatforms) = preSolution
		Debug|Any CPU = Debug|Any CPU
		Release|Any CPU = Release|Any CPU
	EndGlobalSection
	GlobalSection(ProjectConfigurationPlatforms) = postSolution
		{2F97D77B-5388-46C7-BA17-3E3D756BBC5D}.Debug|Any CPU.ActiveCfg = Debug|Any CPU
		{2F97D77B-5388-46C7-BA17-3E3D756BBC5D}.Debug|Any CPU.Build.0 = Debug|Any CPU
		{2F97D77B-5388-46C7-BA17-3E3D756BBC5D}.Release|Any CPU.ActiveCfg = Release|Any CPU
		{2F97D77B-5388-46C7-BA17-3E3D756BBC5D}.Release|Any CPU.Build.0 = Release|Any CPU
		{4070DE00-E7DB-40AA-B096-3764B5023EC0}.Debug|Any CPU.ActiveCfg = Debug|Any CPU
		{4070DE00-E7DB-40AA-B096-3764B5023EC0}.Debug|Any CPU.Build.0 = Debug|Any CPU
		{4070DE00-E7DB-40AA-B096-3764B5023EC0}.Release|Any CPU.ActiveCfg = Release|Any CPU
		{4070DE00-E7DB-40AA-B096-3764B5023EC0}.Release|Any CPU.Build.0 = Release|Any CPU
		{EB0AB4D0-CA9E-4C5C-83B1-04E0BD5EE703}.Debug|Any CPU.ActiveCfg = Debug|Any CPU
		{EB0AB4D0-CA9E-4C5C-83B1-04E0BD5EE703}.Debug|Any CPU.Build.0 = Debug|Any CPU
		{EB0AB4D0-CA9E-4C5C-83B1-04E0BD5EE703}.Release|Any CPU.ActiveCfg = Release|Any CPU
		{EB0AB4D0-CA9E-4C5C-83B1-04E0BD5EE703}.Release|Any CPU.Build.0 = Release|Any CPU
		{69929D84-D4AD-482D-9B5F-4051AF277A71}.Debug|Any CPU.ActiveCfg = Debug|Any CPU
		{69929D84-D4AD-482D-9B5F-4051AF277A71}.Debug|Any CPU.Build.0 = Debug|Any CPU
		{69929D84-D4AD-482D-9B5F-4051AF277A71}.Release|Any CPU.ActiveCfg = Release|Any CPU
		{69929D84-D4AD-482D-9B5F-4051AF277A71}.Release|Any CPU.Build.0 = Release|Any CPU
	EndGlobalSection
	GlobalSection(SolutionProperties) = preSolution
		HideSolutionNode = FALSE
	EndGlobalSection
	GlobalSection(ExtensibilityGlobals) = postSolution
		SolutionGuid = {28B13680-8B2A-4BE9-9131-D4B6FE2DC0B4}
	EndGlobalSection
EndGlobal
